
Microsoft Visual Studio Solution File, Format Version 12.00
# Visual Studio Version 17
VisualStudioVersion = 17.14.36221.1 d17.14
MinimumVisualStudioVersion = 10.0.40219.1
Project("{FAE04EC0-301F-11D3-BF4B-00C04F79EFBC}") = "AuthDemoMVC", "AuthDemoMVC\AuthDemoMVC.csproj", "{AA1A620E-1451-4E28-95D5-DFDBA86C0A1D}"
EndProject
Global
	GlobalSection(SolutionConfigurationPlatforms) = preSolution
		Debug|Any CPU = Debug|Any CPU
		Release|Any CPU = Release|Any CPU
	EndGlobalSection
	GlobalSection(ProjectConfigurationPlatforms) = postSolution
		{AA1A620E-1451-4E28-95D5-DFDBA86C0A1D}.Debug|Any CPU.ActiveCfg = Debug|Any CPU
		{AA1A620E-1451-4E28-95D5-DFDBA86C0A1D}.Debug|Any CPU.Build.0 = Debug|Any CPU
		{AA1A620E-1451-4E28-95D5-DFDBA86C0A1D}.Release|Any CPU.ActiveCfg = Release|Any CPU
		{AA1A620E-1451-4E28-95D5-DFDBA86C0A1D}.Release|Any CPU.Build.0 = Release|Any CPU
	EndGlobalSection
	GlobalSection(SolutionProperties) = preSolution
		HideSolutionNode = FALSE
	EndGlobalSection
	GlobalSection(ExtensibilityGlobals) = postSolution
		SolutionGuid = {C3B40BF0-C5B2-451D-BD47-0801E2423CB7}
	EndGlobalSection
EndGlobal
